
Microsoft Visual Studio Solution File, Format Version 11.00
# Visual Studio 2010
Project("{FAE04EC0-301F-11D3-BF4B-00C04F79EFBC}") = "NRI.CoinChanger", "NRI.CoinCharger\NRI.CoinChanger.csproj", "{D24BE8A3-DB1C-49FF-A8FA-B2604D3BFB8A}"
EndProject
Project("{FAE04EC0-301F-11D3-BF4B-00C04F79EFBC}") = "Test", "Test\Test.csproj", "{5295AC3F-B954-486F-A695-A83EB289BCF1}"
EndProject
Global
	GlobalSection(SolutionConfigurationPlatforms) = preSolution
		Debug|Any CPU = Debug|Any CPU
		Debug|Mixed Platforms = Debug|Mixed Platforms
		Debug|x86 = Debug|x86
		Release|Any CPU = Release|Any CPU
		Release|Mixed Platforms = Release|Mixed Platforms
		Release|x86 = Release|x86
	EndGlobalSection
	GlobalSection(ProjectConfigurationPlatforms) = postSolution
		{D24BE8A3-DB1C-49FF-A8FA-B2604D3BFB8A}.Debug|Any CPU.ActiveCfg = Debug|Any CPU
		{D24BE8A3-DB1C-49FF-A8FA-B2604D3BFB8A}.Debug|Any CPU.Build.0 = Debug|Any CPU
		{D24BE8A3-DB1C-49FF-A8FA-B2604D3BFB8A}.Debug|Mixed Platforms.ActiveCfg = Debug|Any CPU
		{D24BE8A3-DB1C-49FF-A8FA-B2604D3BFB8A}.Debug|Mixed Platforms.Build.0 = Debug|Any CPU
		{D24BE8A3-DB1C-49FF-A8FA-B2604D3BFB8A}.Debug|x86.ActiveCfg = Debug|Any CPU
		{D24BE8A3-DB1C-49FF-A8FA-B2604D3BFB8A}.Release|Any CPU.ActiveCfg = Release|Any CPU
		{D24BE8A3-DB1C-49FF-A8FA-B2604D3BFB8A}.Release|Any CPU.Build.0 = Release|Any CPU
		{D24BE8A3-DB1C-49FF-A8FA-B2604D3BFB8A}.Release|Mixed Platforms.ActiveCfg = Release|Any CPU
		{D24BE8A3-DB1C-49FF-A8FA-B2604D3BFB8A}.Release|Mixed Platforms.Build.0 = Release|Any CPU
		{D24BE8A3-DB1C-49FF-A8FA-B2604D3BFB8A}.Release|x86.ActiveCfg = Release|Any CPU
		{5295AC3F-B954-486F-A695-A83EB289BCF1}.Debug|Any CPU.ActiveCfg = Debug|x86
		{5295AC3F-B954-486F-A695-A83EB289BCF1}.Debug|Mixed Platforms.ActiveCfg = Debug|x86
		{5295AC3F-B954-486F-A695-A83EB289BCF1}.Debug|Mixed Platforms.Build.0 = Debug|x86
		{5295AC3F-B954-486F-A695-A83EB289BCF1}.Debug|x86.ActiveCfg = Debug|x86
		{5295AC3F-B954-486F-A695-A83EB289BCF1}.Debug|x86.Build.0 = Debug|x86
		{5295AC3F-B954-486F-A695-A83EB289BCF1}.Release|Any CPU.ActiveCfg = Release|x86
		{5295AC3F-B954-486F-A695-A83EB289BCF1}.Release|Mixed Platforms.ActiveCfg = Release|x86
		{5295AC3F-B954-486F-A695-A83EB289BCF1}.Release|Mixed Platforms.Build.0 = Release|x86
		{5295AC3F-B954-486F-A695-A83EB289BCF1}.Release|x86.ActiveCfg = Release|x86
		{5295AC3F-B954-486F-A695-A83EB289BCF1}.Release|x86.Build.0 = Release|x86
	EndGlobalSection
	GlobalSection(SolutionProperties) = preSolution
		HideSolutionNode = FALSE
	EndGlobalSection
EndGlobal
